
Microsoft Visual Studio Solution File, Format Version 12.00
# Visual Studio Version 16
VisualStudioVersion = 16.0.33423.256
MinimumVisualStudioVersion = 10.0.40219.1
Project("{FAE04EC0-301F-11D3-BF4B-00C04F79EFBC}") = "MineSweeper", "MineSweeper.csproj", "{35FE3C07-B1BC-43A7-8F12-CE93CD3C1C31}"
EndProject
Global
	GlobalSection(SolutionConfigurationPlatforms) = preSolution
		Debug|Any CPU = Debug|Any CPU
		Release|Any CPU = Release|Any CPU
	EndGlobalSection
	GlobalSection(ProjectConfigurationPlatforms) = postSolution
		{35FE3C07-B1BC-43A7-8F12-CE93CD3C1C31}.Debug|Any CPU.ActiveCfg = Debug|Any CPU
		{35FE3C07-B1BC-43A7-8F12-CE93CD3C1C31}.Debug|Any CPU.Build.0 = Debug|Any CPU
		{35FE3C07-B1BC-43A7-8F12-CE93CD3C1C31}.Release|Any CPU.ActiveCfg = Release|Any CPU
		{35FE3C07-B1BC-43A7-8F12-CE93CD3C1C31}.Release|Any CPU.Build.0 = Release|Any CPU
	EndGlobalSection
	GlobalSection(SolutionProperties) = preSolution
		HideSolutionNode = FALSE
	EndGlobalSection
	GlobalSection(ExtensibilityGlobals) = postSolution
		SolutionGuid = {4FBABDCB-74ED-409B-B7A9-9342DD8A52D4}
	EndGlobalSection
EndGlobal
